<?xml version="1.0" encoding="utf-8"?>
<Project xmlns="http://schemas.microsoft.com/developer/msbuild/2003">
  <ItemGroup>
    <Filter Include="Form Files">
      <UniqueIdentifier>{99349809-55BA-4b9d-BF79-8FDBB0286EB3}</UniqueIdentifier>
      <Extensions>ui</Extensions>
      <ParseFiles>false</ParseFiles>
    </Filter>
    <Filter Include="Form Files">
      <UniqueIdentifier>{99349809-55BA-4b9d-BF79-8FDBB0286EB3}</UniqueIdentifier>
      <Extensions>ui</Extensions>
      <ParseFiles>false</ParseFiles>
    </Filter>
    <Filter Include="Generated Files">
      <UniqueIdentifier>{71ED8ED8-ACB9-4CE9-BBE1-E00B30144E11}</UniqueIdentifier>
      <Extensions>cpp;c;cxx;moc;h;def;odl;idl;res;</Extensions>
    </Filter>
    <Filter Include="Generated Files">
      <UniqueIdentifier>{71ED8ED8-ACB9-4CE9-BBE1-E00B30144E11}</UniqueIdentifier>
      <Extensions>cpp;c;cxx;moc;h;def;odl;idl;res;</Extensions>
    </Filter>
    <Filter Include="Header Files">
      <UniqueIdentifier>{93995380-89BD-4b04-88EB-625FBE52EBFB}</UniqueIdentifier>
      <Extensions>h;hpp;hxx;hm;inl;inc;xsd</Extensions>
    </Filter>
    <Filter Include="Header Files">
      <UniqueIdentifier>{93995380-89BD-4b04-88EB-625FBE52EBFB}</UniqueIdentifier>
      <Extensions>h;hpp;hxx;hm;inl;inc;xsd</Extensions>
    </Filter>
    <Filter Include="Source Files">
      <UniqueIdentifier>{4FC737F1-C7A5-4376-A066-2A32D752A2FF}</UniqueIdentifier>
      <Extensions>cpp;c;cxx;def;odl;idl;hpj;bat;asm;asmx</Extensions>
    </Filter>
    <Filter Include="Source Files">
      <UniqueIdentifier>{4FC737F1-C7A5-4376-A066-2A32D752A2FF}</UniqueIdentifier>
      <Extensions>cpp;c;cxx;def;odl;idl;hpj;bat;asm;asmx</Extensions>
    </Filter>
    <Filter Include="Source Files\Base">
      <UniqueIdentifier>{d970f486-dca8-4fe0-9e72-437fe053da02}</UniqueIdentifier>
    </Filter>
    <Filter Include="Source Files\HGui">
      <UniqueIdentifier>{e94e8a3d-db1c-47b0-b234-48b745111dc8}</UniqueIdentifier>
    </Filter>
    <Filter Include="Header Files\HGui">
      <UniqueIdentifier>{150322c0-4929-4ee9-aa8c-61045676db7c}</UniqueIdentifier>
    </Filter>
    <Filter Include="Source Files\HBase">
      <UniqueIdentifier>{20ebda23-ce21-4112-a2a9-f49fef271613}</UniqueIdentifier>
    </Filter>
    <Filter Include="Header Files\HBase">
      <UniqueIdentifier>{04b65da8-2a0c-44ff-8d72-5757a31ed1e0}</UniqueIdentifier>
    </Filter>
    <Filter Include="Header Files\HBase\HLogic">
      <UniqueIdentifier>{c83ab0fb-bd1c-48f9-a7c4-ac81ae7b6d44}</UniqueIdentifier>
    </Filter>
    <Filter Include="Source Files\HBase\HLogic">
      <UniqueIdentifier>{9cf6a8b0-9848-48b5-a1c3-08d44a4ebef1}</UniqueIdentifier>
    </Filter>
    <Filter Include="Source Files\HBase\HData">
      <UniqueIdentifier>{7317c7f6-6ac5-418a-aa99-7f49c9a909b3}</UniqueIdentifier>
    </Filter>
    <Filter Include="Header Files\HBase\HData">
      <UniqueIdentifier>{82b1eeeb-41fb-4a11-ad27-9fc718fa1ffa}</UniqueIdentifier>
    </Filter>
    <Filter Include="Header Files\HBase\HNetwork">
      <UniqueIdentifier>{9455c3f5-6414-4615-8914-2dccaec666bd}</UniqueIdentifier>
    </Filter>
    <Filter Include="Source Files\HBase\HNetwork">
      <UniqueIdentifier>{04c19b0b-07b6-4d2a-ad7b-5788d1f13240}</UniqueIdentifier>
    </Filter>
    <Filter Include="Translation Files">
      <UniqueIdentifier>{639EADAA-A684-42e4-A9AD-28FC9BCB8F7C}</UniqueIdentifier>
      <Extensions>ts</Extensions>
      <ParseFiles>false</ParseFiles>
    </Filter>
    <Filter Include="Header Files\Base">
      <UniqueIdentifier>{35e82772-257f-40aa-9e49-cc3feb9d96a4}</UniqueIdentifier>
    </Filter>
  </ItemGroup>
  <ItemGroup>
    <ClCompile Include="commandline.cpp">
      <Filter>Source Files\Base</Filter>
    </ClCompile>
    <ClCompile Include="HLang.cpp">
      <Filter>Source Files\Base</Filter>
    </ClCompile>
    <ClCompile Include="main.cpp">
      <Filter>Source Files\Base</Filter>
    </ClCompile>
    <ClCompile Include="HBuiltin.cpp">
      <Filter>Source Files\HBase</Filter>
    </ClCompile>
    <ClCompile Include="HPushButton.cpp">
      <Filter>Source Files\HGui</Filter>
    </ClCompile>
    <ClCompile Include="HWindow.cpp">
      <Filter>Source Files\HGui</Filter>
    </ClCompile>
    <ClCompile Include="HInt.cpp">
      <Filter>Source Files\HBase\HData</Filter>
    </ClCompile>
    <ClCompile Include="HBool.cpp">
      <Filter>Source Files\HBase\HData</Filter>
    </ClCompile>
    <ClCompile Include="HString.cpp">
      <Filter>Source Files\HBase\HData</Filter>
    </ClCompile>
    <ClCompile Include="HIf.cpp">
      <Filter>Source Files\HBase\HLogic</Filter>
    </ClCompile>
    <ClCompile Include="HFunction.cpp">
      <Filter>Source Files\HBase\HLogic</Filter>
    </ClCompile>
    <ClCompile Include="HTcpSocket.cpp">
      <Filter>Source Files\HBase\HNetwork</Filter>
    </ClCompile>
    <ClCompile Include="hlang_plugin_import.cpp">
      <Filter>Generated Files</Filter>
    </ClCompile>
  </ItemGroup>
  <ItemGroup>
    <QtMoc Include="commandline.h">
      <Filter>Header Files\Base</Filter>
    </QtMoc>
    <QtMoc Include="HWindow.h">
      <Filter>Header Files\HGui</Filter>
    </QtMoc>
    <QtMoc Include="HPushButton.h">
      <Filter>Header Files\HGui</Filter>
    </QtMoc>
  </ItemGroup>
  <ItemGroup>
    <CustomBuild Include="debug\moc_predefs.h.cbt">
      <Filter>Generated Files</Filter>
    </CustomBuild>
    <CustomBuild Include="release\moc_predefs.h.cbt">
      <Filter>Generated Files</Filter>
    </CustomBuild>
    <ClInclude Include="ui_commandline.h">
      <Filter>Generated Files</Filter>
    </ClInclude>
  </ItemGroup>
  <ItemGroup>
    <QtUic Include="commandline.ui">
      <Filter>Form Files</Filter>
    </QtUic>
    <QtUic Include="HWindow.ui">
      <Filter>Form Files</Filter>
    </QtUic>
  </ItemGroup>
  <ItemGroup>
    <ClInclude Include="HLang.h">
      <Filter>Header Files\Base</Filter>
    </ClInclude>
    <ClInclude Include="HObject.h">
      <Filter>Header Files\Base</Filter>
    </ClInclude>
    <ClInclude Include="HBuiltin.h">
      <Filter>Header Files\HBase</Filter>
    </ClInclude>
    <ClInclude Include="HBaseInterface.h">
      <Filter>Header Files\HBase</Filter>
    </ClInclude>
    <ClInclude Include="HBool.h">
      <Filter>Header Files\HBase\HData</Filter>
    </ClInclude>
    <ClInclude Include="HInt.h">
      <Filter>Header Files\HBase\HData</Filter>
    </ClInclude>
    <ClInclude Include="HString.h">
      <Filter>Header Files\HBase\HData</Filter>
    </ClInclude>
    <ClInclude Include="HIf.h">
      <Filter>Header Files\HBase\HLogic</Filter>
    </ClInclude>
    <ClInclude Include="HFunction.h">
      <Filter>Header Files\HBase\HLogic</Filter>
    </ClInclude>
    <ClInclude Include="HTcpSocket.h">
      <Filter>Header Files\HBase\HNetwork</Filter>
    </ClInclude>
  </ItemGroup>
  <ItemGroup>
    <None Include="hlang_zh.ts">
      <Filter>Translation Files</Filter>
    </None>
  </ItemGroup>
</Project>