
Microsoft Visual Studio Solution File, Format Version 12.00
# Visual Studio 15
VisualStudioVersion = 15.0.28307.168
MinimumVisualStudioVersion = 10.0.40219.1
Project("{8BC9CEB8-8B4A-11D0-8D11-00A0C91BC942}") = "Analyst", "Analyst\Analyst.vcxproj", "{F726BE79-F2BA-4E16-9568-66B314E69C75}"
EndProject
Project("{8BC9CEB8-8B4A-11D0-8D11-00A0C91BC942}") = "Main", "Main\Main.vcxproj", "{5E9D559D-4F7D-4AF9-A6E3-7B4D91D15FDD}"
EndProject
Global
	GlobalSection(SolutionConfigurationPlatforms) = preSolution
		Debug|x64 = Debug|x64
		Debug|x86 = Debug|x86
		Release|x64 = Release|x64
		Release|x86 = Release|x86
	EndGlobalSection
	GlobalSection(ProjectConfigurationPlatforms) = postSolution
		{F726BE79-F2BA-4E16-9568-66B314E69C75}.Debug|x64.ActiveCfg = Debug|x64
		{F726BE79-F2BA-4E16-9568-66B314E69C75}.Debug|x64.Build.0 = Debug|x64
		{F726BE79-F2BA-4E16-9568-66B314E69C75}.Debug|x86.ActiveCfg = Debug|Win32
		{F726BE79-F2BA-4E16-9568-66B314E69C75}.Debug|x86.Build.0 = Debug|Win32
		{F726BE79-F2BA-4E16-9568-66B314E69C75}.Release|x64.ActiveCfg = Release|x64
		{F726BE79-F2BA-4E16-9568-66B314E69C75}.Release|x64.Build.0 = Release|x64
		{F726BE79-F2BA-4E16-9568-66B314E69C75}.Release|x86.ActiveCfg = Release|Win32
		{F726BE79-F2BA-4E16-9568-66B314E69C75}.Release|x86.Build.0 = Release|Win32
		{5E9D559D-4F7D-4AF9-A6E3-7B4D91D15FDD}.Debug|x64.ActiveCfg = Debug|x64
		{5E9D559D-4F7D-4AF9-A6E3-7B4D91D15FDD}.Debug|x64.Build.0 = Debug|x64
		{5E9D559D-4F7D-4AF9-A6E3-7B4D91D15FDD}.Debug|x86.ActiveCfg = Debug|Win32
		{5E9D559D-4F7D-4AF9-A6E3-7B4D91D15FDD}.Debug|x86.Build.0 = Debug|Win32
		{5E9D559D-4F7D-4AF9-A6E3-7B4D91D15FDD}.Release|x64.ActiveCfg = Release|x64
		{5E9D559D-4F7D-4AF9-A6E3-7B4D91D15FDD}.Release|x64.Build.0 = Release|x64
		{5E9D559D-4F7D-4AF9-A6E3-7B4D91D15FDD}.Release|x86.ActiveCfg = Release|Win32
		{5E9D559D-4F7D-4AF9-A6E3-7B4D91D15FDD}.Release|x86.Build.0 = Release|Win32
	EndGlobalSection
	GlobalSection(SolutionProperties) = preSolution
		HideSolutionNode = FALSE
	EndGlobalSection
	GlobalSection(ExtensibilityGlobals) = postSolution
		SolutionGuid = {360F8F01-FE91-4594-A7ED-100E91F058D6}
		Qt5Version = $(DefaultQtVersion)
	EndGlobalSection
EndGlobal
