<?xml version="1.0" encoding="utf-8"?>
<Project xmlns="http://schemas.microsoft.com/developer/msbuild/2003">
  <ItemGroup>
    <Filter Include="Form Files">
      <UniqueIdentifier>{99349809-55BA-4b9d-BF79-8FDBB0286EB3}</UniqueIdentifier>
      <Extensions>ui</Extensions>
      <ParseFiles>false</ParseFiles>
    </Filter>
    <Filter Include="Generated Files">
      <UniqueIdentifier>{71ED8ED8-ACB9-4CE9-BBE1-E00B30144E11}</UniqueIdentifier>
      <Extensions>cpp;c;cxx;moc;h;def;odl;idl;res;</Extensions>
    </Filter>
    <Filter Include="Generated Files">
      <UniqueIdentifier>{71ED8ED8-ACB9-4CE9-BBE1-E00B30144E11}</UniqueIdentifier>
      <Extensions>cpp;c;cxx;moc;h;def;odl;idl;res;</Extensions>
    </Filter>
    <Filter Include="HBase">
      <UniqueIdentifier>{04b65da8-2a0c-44ff-8d72-5757a31ed1e0}</UniqueIdentifier>
    </Filter>
    <Filter Include="HBase\HLogic">
      <UniqueIdentifier>{c83ab0fb-bd1c-48f9-a7c4-ac81ae7b6d44}</UniqueIdentifier>
    </Filter>
    <Filter Include="HBase\HData">
      <UniqueIdentifier>{82b1eeeb-41fb-4a11-ad27-9fc718fa1ffa}</UniqueIdentifier>
    </Filter>
    <Filter Include="HBase\HNetwork">
      <UniqueIdentifier>{9455c3f5-6414-4615-8914-2dccaec666bd}</UniqueIdentifier>
    </Filter>
    <Filter Include="HGui">
      <UniqueIdentifier>{e94e8a3d-db1c-47b0-b234-48b745111dc8}</UniqueIdentifier>
    </Filter>
  </ItemGroup>
  <ItemGroup>
    <ClCompile Include="HGui\HWindow.cpp">
      <Filter>HGui</Filter>
    </ClCompile>
    <ClCompile Include="HBase\HNetwork\HTcpSocket.cpp">
      <Filter>HBase\HNetwork</Filter>
    </ClCompile>
    <ClCompile Include="HBase\HData\HString.cpp">
      <Filter>HBase\HData</Filter>
    </ClCompile>
    <ClCompile Include="HGui\HPushButton.cpp">
      <Filter>HGui</Filter>
    </ClCompile>
    <ClCompile Include="HBase\HData\HInt.cpp">
      <Filter>HBase\HData</Filter>
    </ClCompile>
    <ClCompile Include="HBase\HLogic\HIf.cpp">
      <Filter>HBase\HLogic</Filter>
    </ClCompile>
    <ClCompile Include="HBase\HLogic\HFunction.cpp">
      <Filter>HBase\HLogic</Filter>
    </ClCompile>
    <ClCompile Include="HBase\HBuiltin.cpp">
      <Filter>HBase</Filter>
    </ClCompile>
    <ClCompile Include="HBase\HData\HBool.cpp">
      <Filter>HBase\HData</Filter>
    </ClCompile>
    <ClCompile Include="HBase\HLang.cpp">
      <Filter>HBase</Filter>
    </ClCompile>
    <ClCompile Include="GeneratedFiles\hlang_plugin_import.cpp">
      <Filter>Generated Files</Filter>
    </ClCompile>
    <ClCompile Include="HBase\HData\HVoid.cpp">
      <Filter>HBase\HData</Filter>
    </ClCompile>
    <ClCompile Include="HBase\HLogic\HCodes.cpp">
      <Filter>HBase\HLogic</Filter>
    </ClCompile>
    <ClCompile Include="HBase\HData\HFile.cpp">
      <Filter>HBase\HData</Filter>
    </ClCompile>
    <ClCompile Include="HBase\HData\HVector.cpp">
      <Filter>HBase\HData</Filter>
    </ClCompile>
    <ClCompile Include="main.cpp" />
  </ItemGroup>
  <ItemGroup>
    <CustomBuild Include="debug\moc_predefs.h.cbt">
      <Filter>Generated Files</Filter>
    </CustomBuild>
    <CustomBuild Include="release\moc_predefs.h.cbt">
      <Filter>Generated Files</Filter>
    </CustomBuild>
  </ItemGroup>
  <ItemGroup>
    <ClInclude Include="HBase\HNetwork\HTcpSocket.h">
      <Filter>HBase\HNetwork</Filter>
    </ClInclude>
    <ClInclude Include="HBase\HData\HString.h">
      <Filter>HBase\HData</Filter>
    </ClInclude>
    <ClInclude Include="HBase\HObject.h">
      <Filter>HBase</Filter>
    </ClInclude>
    <ClInclude Include="HBase\HData\HInt.h">
      <Filter>HBase\HData</Filter>
    </ClInclude>
    <ClInclude Include="HBase\HLogic\HIf.h">
      <Filter>HBase\HLogic</Filter>
    </ClInclude>
    <ClInclude Include="HBase\HLogic\HFunction.h">
      <Filter>HBase\HLogic</Filter>
    </ClInclude>
    <ClInclude Include="HBase\HBuiltin.h">
      <Filter>HBase</Filter>
    </ClInclude>
    <ClInclude Include="HBase\HData\HBool.h">
      <Filter>HBase\HData</Filter>
    </ClInclude>
    <ClInclude Include="HBase\HBaseInterface.h">
      <Filter>HBase</Filter>
    </ClInclude>
    <ClInclude Include="HBase\HLang.h">
      <Filter>HBase</Filter>
    </ClInclude>
    <ClInclude Include="HBase\HData\HVoid.h">
      <Filter>HBase\HData</Filter>
    </ClInclude>
    <ClInclude Include="HBase\HLogic\HCodes.h">
      <Filter>HBase\HLogic</Filter>
    </ClInclude>
    <ClInclude Include="HBase\HData\HFile.h">
      <Filter>HBase\HData</Filter>
    </ClInclude>
    <ClInclude Include="HBase\HData\HVector.h">
      <Filter>HBase\HData</Filter>
    </ClInclude>
  </ItemGroup>
  <ItemGroup>
    <QtMoc Include="HGui\HWindow.h">
      <Filter>HGui</Filter>
    </QtMoc>
    <QtMoc Include="HGui\HPushButton.h">
      <Filter>HGui</Filter>
    </QtMoc>
  </ItemGroup>
  <ItemGroup>
    <QtUic Include="HGui\HWindow.ui">
      <Filter>HGui</Filter>
    </QtUic>
  </ItemGroup>
</Project>