<?xml version="1.0" encoding="utf-8"?>
<Project ToolsVersion="4.0" xmlns="http://schemas.microsoft.com/developer/msbuild/2003">
  <ItemGroup>
    <Filter Include="源文件">
      <UniqueIdentifier>{4FC737F1-C7A5-4376-A066-2A32D752A2FF}</UniqueIdentifier>
      <Extensions>cpp;c;cc;cxx;def;odl;idl;hpj;bat;asm;asmx</Extensions>
    </Filter>
    <Filter Include="头文件">
      <UniqueIdentifier>{93995380-89BD-4b04-88EB-625FBE52EBFB}</UniqueIdentifier>
      <Extensions>h;hh;hpp;hxx;hm;inl;inc;ipp;xsd</Extensions>
    </Filter>
    <Filter Include="头文件\data">
      <UniqueIdentifier>{48995083-d566-4cdf-9a2c-e428e89df274}</UniqueIdentifier>
    </Filter>
    <Filter Include="源文件\data">
      <UniqueIdentifier>{23f9d20b-49dd-4eb1-8d6a-b2fd0d7eb0b7}</UniqueIdentifier>
    </Filter>
    <Filter Include="头文件\container">
      <UniqueIdentifier>{fc131ce5-001a-4f60-9bc2-cdb14473f67d}</UniqueIdentifier>
    </Filter>
    <Filter Include="源文件\container">
      <UniqueIdentifier>{9d7dee7d-540b-4c2d-9a60-9819622cb5f2}</UniqueIdentifier>
    </Filter>
    <Filter Include="头文件\std">
      <UniqueIdentifier>{593c3c1d-d768-460a-9650-7714e49bc3b7}</UniqueIdentifier>
    </Filter>
    <Filter Include="源文件\std">
      <UniqueIdentifier>{7b793a0c-2dcd-42e5-b748-70349a674b39}</UniqueIdentifier>
    </Filter>
  </ItemGroup>
  <ItemGroup>
    <ClCompile Include="main.cpp">
      <Filter>源文件</Filter>
    </ClCompile>
    <ClCompile Include="HBool.cpp">
      <Filter>源文件\data</Filter>
    </ClCompile>
    <ClCompile Include="HByte.cpp">
      <Filter>源文件\data</Filter>
    </ClCompile>
    <ClCompile Include="HInt.cpp">
      <Filter>源文件\data</Filter>
    </ClCompile>
    <ClCompile Include="HVoid.cpp">
      <Filter>源文件\data</Filter>
    </ClCompile>
    <ClCompile Include="HVector.cpp">
      <Filter>源文件\container</Filter>
    </ClCompile>
    <ClCompile Include="HString.cpp">
      <Filter>源文件\std</Filter>
    </ClCompile>
  </ItemGroup>
  <ItemGroup>
    <ClInclude Include="HInt.h">
      <Filter>头文件\data</Filter>
    </ClInclude>
    <ClInclude Include="HBool.h">
      <Filter>头文件\data</Filter>
    </ClInclude>
    <ClInclude Include="HByte.h">
      <Filter>头文件\data</Filter>
    </ClInclude>
    <ClInclude Include="HVoid.h">
      <Filter>头文件\data</Filter>
    </ClInclude>
    <ClInclude Include="HObject.h">
      <Filter>头文件</Filter>
    </ClInclude>
    <ClInclude Include="HVector.h">
      <Filter>头文件\container</Filter>
    </ClInclude>
    <ClInclude Include="HString.h">
      <Filter>头文件\std</Filter>
    </ClInclude>
  </ItemGroup>
</Project>